// !$*UTF8*$!
{
	archiveVersion = 1;
	classes = {
	};
	objectVersion = 50;
	objects = {

/* Begin PBXBuildFile section */
		FD0FB06D253AF6D700F12CA5 /* Coordinator.swift in Sources */ = {isa = PBXBuildFile; fileRef = FD0FB06C253AF6D700F12CA5 /* Coordinator.swift */; };
		FD0FB070253AF75A00F12CA5 /* WindowCoordinator.swift in Sources */ = {isa = PBXBuildFile; fileRef = FD0FB06F253AF75A00F12CA5 /* WindowCoordinator.swift */; };
		FD0FB073253AF78400F12CA5 /* Storyboarded.swift in Sources */ = {isa = PBXBuildFile; fileRef = FD0FB072253AF78400F12CA5 /* Storyboarded.swift */; };
		FD0FB077253AFBCF00F12CA5 /* ViewerViewController.swift in Sources */ = {isa = PBXBuildFile; fileRef = FD0FB076253AFBCF00F12CA5 /* ViewerViewController.swift */; };
		FD0FB07B253B076600F12CA5 /* SplitViewController.swift in Sources */ = {isa = PBXBuildFile; fileRef = FD0FB07A253B076600F12CA5 /* SplitViewController.swift */; };
		FD0FB082253B0FDF00F12CA5 /* NSWindow+Standard.swift in Sources */ = {isa = PBXBuildFile; fileRef = FD0FB081253B0FDF00F12CA5 /* NSWindow+Standard.swift */; };
		FDDA0DA5253A436F00EAC9B7 /* AppDelegate.swift in Sources */ = {isa = PBXBuildFile; fileRef = FDDA0DA4253A436F00EAC9B7 /* AppDelegate.swift */; };
		FDDA0DA7253A436F00EAC9B7 /* EditorViewController.swift in Sources */ = {isa = PBXBuildFile; fileRef = FDDA0DA6253A436F00EAC9B7 /* EditorViewController.swift */; };
		FDDA0DA9253A436F00EAC9B7 /* Document.swift in Sources */ = {isa = PBXBuildFile; fileRef = FDDA0DA8253A436F00EAC9B7 /* Document.swift */; };
		FDDA0DAB253A437000EAC9B7 /* Assets.xcassets in Resources */ = {isa = PBXBuildFile; fileRef = FDDA0DAA253A437000EAC9B7 /* Assets.xcassets */; };
		FDDA0DAE253A437000EAC9B7 /* Main.storyboard in Resources */ = {isa = PBXBuildFile; fileRef = FDDA0DAC253A437000EAC9B7 /* Main.storyboard */; };
/* End PBXBuildFile section */

/* Begin PBXFileReference section */
		FD0FB06C253AF6D700F12CA5 /* Coordinator.swift */ = {isa = PBXFileReference; lastKnownFileType = sourcecode.swift; path = Coordinator.swift; sourceTree = "<group>"; };
		FD0FB06F253AF75A00F12CA5 /* WindowCoordinator.swift */ = {isa = PBXFileReference; lastKnownFileType = sourcecode.swift; path = WindowCoordinator.swift; sourceTree = "<group>"; };
		FD0FB072253AF78400F12CA5 /* Storyboarded.swift */ = {isa = PBXFileReference; lastKnownFileType = sourcecode.swift; path = Storyboarded.swift; sourceTree = "<group>"; };
		FD0FB076253AFBCF00F12CA5 /* ViewerViewController.swift */ = {isa = PBXFileReference; lastKnownFileType = sourcecode.swift; path = ViewerViewController.swift; sourceTree = "<group>"; };
		FD0FB07A253B076600F12CA5 /* SplitViewController.swift */ = {isa = PBXFileReference; lastKnownFileType = sourcecode.swift; path = SplitViewController.swift; sourceTree = "<group>"; };
		FD0FB081253B0FDF00F12CA5 /* NSWindow+Standard.swift */ = {isa = PBXFileReference; lastKnownFileType = sourcecode.swift; path = "NSWindow+Standard.swift"; sourceTree = "<group>"; };
		FDDA0DA1253A436F00EAC9B7 /* QuickNote.app */ = {isa = PBXFileReference; explicitFileType = wrapper.application; includeInIndex = 0; path = QuickNote.app; sourceTree = BUILT_PRODUCTS_DIR; };
		FDDA0DA4253A436F00EAC9B7 /* AppDelegate.swift */ = {isa = PBXFileReference; lastKnownFileType = sourcecode.swift; path = AppDelegate.swift; sourceTree = "<group>"; };
		FDDA0DA6253A436F00EAC9B7 /* EditorViewController.swift */ = {isa = PBXFileReference; lastKnownFileType = sourcecode.swift; path = EditorViewController.swift; sourceTree = "<group>"; };
		FDDA0DA8253A436F00EAC9B7 /* Document.swift */ = {isa = PBXFileReference; lastKnownFileType = sourcecode.swift; path = Document.swift; sourceTree = "<group>"; };
		FDDA0DAA253A437000EAC9B7 /* Assets.xcassets */ = {isa = PBXFileReference; lastKnownFileType = folder.assetcatalog; path = Assets.xcassets; sourceTree = "<group>"; };
		FDDA0DAD253A437000EAC9B7 /* Base */ = {isa = PBXFileReference; lastKnownFileType = file.storyboard; name = Base; path = Base.lproj/Main.storyboard; sourceTree = "<group>"; };
		FDDA0DAF253A437000EAC9B7 /* Info.plist */ = {isa = PBXFileReference; lastKnownFileType = text.plist.xml; path = Info.plist; sourceTree = "<group>"; };
		FDDA0DB0253A437000EAC9B7 /* QuickNote.entitlements */ = {isa = PBXFileReference; lastKnownFileType = text.plist.entitlements; path = QuickNote.entitlements; sourceTree = "<group>"; };
/* End PBXFileReference section */

/* Begin PBXFrameworksBuildPhase section */
		FDDA0D9E253A436F00EAC9B7 /* Frameworks */ = {
			isa = PBXFrameworksBuildPhase;
			buildActionMask = 2147483647;
			files = (
			);
			runOnlyForDeploymentPostprocessing = 0;
		};
/* End PBXFrameworksBuildPhase section */

/* Begin PBXGroup section */
		FD0FB084253B2DCA00F12CA5 /* Views */ = {
			isa = PBXGroup;
			children = (
				FDDA0DA6253A436F00EAC9B7 /* EditorViewController.swift */,
				FD0FB076253AFBCF00F12CA5 /* ViewerViewController.swift */,
				FD0FB07A253B076600F12CA5 /* SplitViewController.swift */,
			);
			path = Views;
			sourceTree = "<group>";
		};
		FDDA0D98253A436F00EAC9B7 = {
			isa = PBXGroup;
			children = (
				FDDA0DA3253A436F00EAC9B7 /* QuickNote */,
				FDDA0DA2253A436F00EAC9B7 /* Products */,
			);
			sourceTree = "<group>";
		};
		FDDA0DA2253A436F00EAC9B7 /* Products */ = {
			isa = PBXGroup;
			children = (
				FDDA0DA1253A436F00EAC9B7 /* QuickNote.app */,
			);
			name = Products;
			sourceTree = "<group>";
		};
		FDDA0DA3253A436F00EAC9B7 /* QuickNote */ = {
			isa = PBXGroup;
			children = (
				FD0FB084253B2DCA00F12CA5 /* Views */,
				FDDA0DA4253A436F00EAC9B7 /* AppDelegate.swift */,
				FDDA0DA8253A436F00EAC9B7 /* Document.swift */,
				FDDA0DAA253A437000EAC9B7 /* Assets.xcassets */,
				FDDA0DAC253A437000EAC9B7 /* Main.storyboard */,
				FDDA0DAF253A437000EAC9B7 /* Info.plist */,
				FDDA0DB0253A437000EAC9B7 /* QuickNote.entitlements */,
				FD0FB06C253AF6D700F12CA5 /* Coordinator.swift */,
				FD0FB072253AF78400F12CA5 /* Storyboarded.swift */,
				FD0FB06F253AF75A00F12CA5 /* WindowCoordinator.swift */,
				FD0FB081253B0FDF00F12CA5 /* NSWindow+Standard.swift */,
			);
			path = QuickNote;
			sourceTree = "<group>";
		};
/* End PBXGroup section */

/* Begin PBXNativeTarget section */
		FDDA0DA0253A436F00EAC9B7 /* QuickNote */ = {
			isa = PBXNativeTarget;
			buildConfigurationList = FDDA0DB3253A437000EAC9B7 /* Build configuration list for PBXNativeTarget "QuickNote" */;
			buildPhases = (
				FDDA0D9D253A436F00EAC9B7 /* Sources */,
				FDDA0D9E253A436F00EAC9B7 /* Frameworks */,
				FDDA0D9F253A436F00EAC9B7 /* Resources */,
			);
			buildRules = (
			);
			dependencies = (
			);
			name = QuickNote;
			productName = QuickNote;
			productReference = FDDA0DA1253A436F00EAC9B7 /* QuickNote.app */;
			productType = "com.apple.product-type.application";
		};
/* End PBXNativeTarget section */

/* Begin PBXProject section */
		FDDA0D99253A436F00EAC9B7 /* Project object */ = {
			isa = PBXProject;
			attributes = {
				LastSwiftUpdateCheck = 1200;
				LastUpgradeCheck = 1200;
				TargetAttributes = {
					FDDA0DA0253A436F00EAC9B7 = {
						CreatedOnToolsVersion = 12.0.1;
					};
				};
			};
			buildConfigurationList = FDDA0D9C253A436F00EAC9B7 /* Build configuration list for PBXProject "QuickNote" */;
			compatibilityVersion = "Xcode 9.3";
			developmentRegion = en;
			hasScannedForEncodings = 0;
			knownRegions = (
				en,
				Base,
			);
			mainGroup = FDDA0D98253A436F00EAC9B7;
			productRefGroup = FDDA0DA2253A436F00EAC9B7 /* Products */;
			projectDirPath = "";
			projectRoot = "";
			targets = (
				FDDA0DA0253A436F00EAC9B7 /* QuickNote */,
			);
		};
/* End PBXProject section */

/* Begin PBXResourcesBuildPhase section */
		FDDA0D9F253A436F00EAC9B7 /* Resources */ = {
			isa = PBXResourcesBuildPhase;
			buildActionMask = 2147483647;
			files = (
				FDDA0DAB253A437000EAC9B7 /* Assets.xcassets in Resources */,
				FDDA0DAE253A437000EAC9B7 /* Main.storyboard in Resources */,
			);
			runOnlyForDeploymentPostprocessing = 0;
		};
/* End PBXResourcesBuildPhase section */

/* Begin PBXSourcesBuildPhase section */
		FDDA0D9D253A436F00EAC9B7 /* Sources */ = {
			isa = PBXSourcesBuildPhase;
			buildActionMask = 2147483647;
			files = (
				FD0FB06D253AF6D700F12CA5 /* Coordinator.swift in Sources */,
				FD0FB077253AFBCF00F12CA5 /* ViewerViewController.swift in Sources */,
				FDDA0DA7253A436F00EAC9B7 /* EditorViewController.swift in Sources */,
				FD0FB070253AF75A00F12CA5 /* WindowCoordinator.swift in Sources */,
				FDDA0DA5253A436F00EAC9B7 /* AppDelegate.swift in Sources */,
				FD0FB082253B0FDF00F12CA5 /* NSWindow+Standard.swift in Sources */,
				FDDA0DA9253A436F00EAC9B7 /* Document.swift in Sources */,
				FD0FB073253AF78400F12CA5 /* Storyboarded.swift in Sources */,
				FD0FB07B253B076600F12CA5 /* SplitViewController.swift in Sources */,
			);
			runOnlyForDeploymentPostprocessing = 0;
		};
/* End PBXSourcesBuildPhase section */

/* Begin PBXVariantGroup section */
		FDDA0DAC253A437000EAC9B7 /* Main.storyboard */ = {
			isa = PBXVariantGroup;
			children = (
				FDDA0DAD253A437000EAC9B7 /* Base */,
			);
			name = Main.storyboard;
			sourceTree = "<group>";
		};
/* End PBXVariantGroup section */

/* Begin XCBuildConfiguration section */
		FDDA0DB1253A437000EAC9B7 /* Debug */ = {
			isa = XCBuildConfiguration;
			buildSettings = {
				ALWAYS_SEARCH_USER_PATHS = NO;
				CLANG_ANALYZER_NONNULL = YES;
				CLANG_ANALYZER_NUMBER_OBJECT_CONVERSION = YES_AGGRESSIVE;
				CLANG_CXX_LANGUAGE_STANDARD = "gnu++14";
				CLANG_CXX_LIBRARY = "libc++";
				CLANG_ENABLE_MODULES = YES;
				CLANG_ENABLE_OBJC_ARC = YES;
				CLANG_ENABLE_OBJC_WEAK = YES;
				CLANG_WARN_BLOCK_CAPTURE_AUTORELEASING = YES;
				CLANG_WARN_BOOL_CONVERSION = YES;
				CLANG_WARN_COMMA = YES;
				CLANG_WARN_CONSTANT_CONVERSION = YES;
				CLANG_WARN_DEPRECATED_OBJC_IMPLEMENTATIONS = YES;
				CLANG_WARN_DIRECT_OBJC_ISA_USAGE = YES_ERROR;
				CLANG_WARN_DOCUMENTATION_COMMENTS = YES;
				CLANG_WARN_EMPTY_BODY = YES;
				CLANG_WARN_ENUM_CONVERSION = YES;
				CLANG_WARN_INFINITE_RECURSION = YES;
				CLANG_WARN_INT_CONVERSION = YES;
				CLANG_WARN_NON_LITERAL_NULL_CONVERSION = YES;
				CLANG_WARN_OBJC_IMPLICIT_RETAIN_SELF = YES;
				CLANG_WARN_OBJC_LITERAL_CONVERSION = YES;
				CLANG_WARN_OBJC_ROOT_CLASS = YES_ERROR;
				CLANG_WARN_QUOTED_INCLUDE_IN_FRAMEWORK_HEADER = YES;
				CLANG_WARN_RANGE_LOOP_ANALYSIS = YES;
				CLANG_WARN_STRICT_PROTOTYPES = YES;
				CLANG_WARN_SUSPICIOUS_MOVE = YES;
				CLANG_WARN_UNGUARDED_AVAILABILITY = YES_AGGRESSIVE;
				CLANG_WARN_UNREACHABLE_CODE = YES;
				CLANG_WARN__DUPLICATE_METHOD_MATCH = YES;
				COPY_PHASE_STRIP = NO;
				DEBUG_INFORMATION_FORMAT = dwarf;
				ENABLE_STRICT_OBJC_MSGSEND = YES;
				ENABLE_TESTABILITY = YES;
				GCC_C_LANGUAGE_STANDARD = gnu11;
				GCC_DYNAMIC_NO_PIC = NO;
				GCC_NO_COMMON_BLOCKS = YES;
				GCC_OPTIMIZATION_LEVEL = 0;
				GCC_PREPROCESSOR_DEFINITIONS = (
					"DEBUG=1",
					"$(inherited)",
				);
				GCC_WARN_64_TO_32_BIT_CONVERSION = YES;
				GCC_WARN_ABOUT_RETURN_TYPE = YES_ERROR;
				GCC_WARN_UNDECLARED_SELECTOR = YES;
				GCC_WARN_UNINITIALIZED_AUTOS = YES_AGGRESSIVE;
				GCC_WARN_UNUSED_FUNCTION = YES;
				GCC_WARN_UNUSED_VARIABLE = YES;
				MACOSX_DEPLOYMENT_TARGET = 10.15;
				MTL_ENABLE_DEBUG_INFO = INCLUDE_SOURCE;
				MTL_FAST_MATH = YES;
				ONLY_ACTIVE_ARCH = YES;
				SDKROOT = macosx;
				SWIFT_ACTIVE_COMPILATION_CONDITIONS = DEBUG;
				SWIFT_OPTIMIZATION_LEVEL = "-Onone";
			};
			name = Debug;
		};
		FDDA0DB2253A437000EAC9B7 /* Release */ = {
			isa = XCBuildConfiguration;
			buildSettings = {
				ALWAYS_SEARCH_USER_PATHS = NO;
				CLANG_ANALYZER_NONNULL = YES;
				CLANG_ANALYZER_NUMBER_OBJECT_CONVERSION = YES_AGGRESSIVE;
				CLANG_CXX_LANGUAGE_STANDARD = "gnu++14";
				CLANG_CXX_LIBRARY = "libc++";
				CLANG_ENABLE_MODULES = YES;
				CLANG_ENABLE_OBJC_ARC = YES;
				CLANG_ENABLE_OBJC_WEAK = YES;
				CLANG_WARN_BLOCK_CAPTURE_AUTORELEASING = YES;
				CLANG_WARN_BOOL_CONVERSION = YES;
				CLANG_WARN_COMMA = YES;
				CLANG_WARN_CONSTANT_CONVERSION = YES;
				CLANG_WARN_DEPRECATED_OBJC_IMPLEMENTATIONS = YES;
				CLANG_WARN_DIRECT_OBJC_ISA_USAGE = YES_ERROR;
				CLANG_WARN_DOCUMENTATION_COMMENTS = YES;
				CLANG_WARN_EMPTY_BODY = YES;
				CLANG_WARN_ENUM_CONVERSION = YES;
				CLANG_WARN_INFINITE_RECURSION = YES;
				CLANG_WARN_INT_CONVERSION = YES;
				CLANG_WARN_NON_LITERAL_NULL_CONVERSION = YES;
				CLANG_WARN_OBJC_IMPLICIT_RETAIN_SELF = YES;
				CLANG_WARN_OBJC_LITERAL_CONVERSION = YES;
				CLANG_WARN_OBJC_ROOT_CLASS = YES_ERROR;
				CLANG_WARN_QUOTED_INCLUDE_IN_FRAMEWORK_HEADER = YES;
				CLANG_WARN_RANGE_LOOP_ANALYSIS = YES;
				CLANG_WARN_STRICT_PROTOTYPES = YES;
				CLANG_WARN_SUSPICIOUS_MOVE = YES;
				CLANG_WARN_UNGUARDED_AVAILABILITY = YES_AGGRESSIVE;
				CLANG_WARN_UNREACHABLE_CODE = YES;
				CLANG_WARN__DUPLICATE_METHOD_MATCH = YES;
				COPY_PHASE_STRIP = NO;
				DEBUG_INFORMATION_FORMAT = "dwarf-with-dsym";
				ENABLE_NS_ASSERTIONS = NO;
				ENABLE_STRICT_OBJC_MSGSEND = YES;
				GCC_C_LANGUAGE_STANDARD = gnu11;
				GCC_NO_COMMON_BLOCKS = YES;
				GCC_WARN_64_TO_32_BIT_CONVERSION = YES;
				GCC_WARN_ABOUT_RETURN_TYPE = YES_ERROR;
				GCC_WARN_UNDECLARED_SELECTOR = YES;
				GCC_WARN_UNINITIALIZED_AUTOS = YES_AGGRESSIVE;
				GCC_WARN_UNUSED_FUNCTION = YES;
				GCC_WARN_UNUSED_VARIABLE = YES;
				MACOSX_DEPLOYMENT_TARGET = 10.15;
				MTL_ENABLE_DEBUG_INFO = NO;
				MTL_FAST_MATH = YES;
				SDKROOT = macosx;
				SWIFT_COMPILATION_MODE = wholemodule;
				SWIFT_OPTIMIZATION_LEVEL = "-O";
			};
			name = Release;
		};
		FDDA0DB4253A437000EAC9B7 /* Debug */ = {
			isa = XCBuildConfiguration;
			buildSettings = {
				ASSETCATALOG_COMPILER_APPICON_NAME = AppIcon;
				ASSETCATALOG_COMPILER_GLOBAL_ACCENT_COLOR_NAME = AccentColor;
				CODE_SIGN_ENTITLEMENTS = QuickNote/QuickNote.entitlements;
				CODE_SIGN_STYLE = Automatic;
				COMBINE_HIDPI_IMAGES = YES;
				INFOPLIST_FILE = QuickNote/Info.plist;
				LD_RUNPATH_SEARCH_PATHS = (
					"$(inherited)",
					"@executable_path/../Frameworks",
				);
				PRODUCT_BUNDLE_IDENTIFIER = com.ds.QuickNote;
				PRODUCT_NAME = "$(TARGET_NAME)";
				SWIFT_VERSION = 5.0;
			};
			name = Debug;
		};
		FDDA0DB5253A437000EAC9B7 /* Release */ = {
			isa = XCBuildConfiguration;
			buildSettings = {
				ASSETCATALOG_COMPILER_APPICON_NAME = AppIcon;
				ASSETCATALOG_COMPILER_GLOBAL_ACCENT_COLOR_NAME = AccentColor;
				CODE_SIGN_ENTITLEMENTS = QuickNote/QuickNote.entitlements;
				CODE_SIGN_STYLE = Automatic;
				COMBINE_HIDPI_IMAGES = YES;
				INFOPLIST_FILE = QuickNote/Info.plist;
				LD_RUNPATH_SEARCH_PATHS = (
					"$(inherited)",
					"@executable_path/../Frameworks",
				);
				PRODUCT_BUNDLE_IDENTIFIER = com.ds.QuickNote;
				PRODUCT_NAME = "$(TARGET_NAME)";
				SWIFT_VERSION = 5.0;
			};
			name = Release;
		};
/* End XCBuildConfiguration section */

/* Begin XCConfigurationList section */
		FDDA0D9C253A436F00EAC9B7 /* Build configuration list for PBXProject "QuickNote" */ = {
			isa = XCConfigurationList;
			buildConfigurations = (
				FDDA0DB1253A437000EAC9B7 /* Debug */,
				FDDA0DB2253A437000EAC9B7 /* Release */,
			);
			defaultConfigurationIsVisible = 0;
			defaultConfigurationName = Release;
		};
		FDDA0DB3253A437000EAC9B7 /* Build configuration list for PBXNativeTarget "QuickNote" */ = {
			isa = XCConfigurationList;
			buildConfigurations = (
				FDDA0DB4253A437000EAC9B7 /* Debug */,
				FDDA0DB5253A437000EAC9B7 /* Release */,
			);
			defaultConfigurationIsVisible = 0;
			defaultConfigurationName = Release;
		};
/* End XCConfigurationList section */
	};
	rootObject = FDDA0D99253A436F00EAC9B7 /* Project object */;
}
